<?xml version="1.0" encoding="utf-8"?>
<Project ToolsVersion="4.0" xmlns="http://schemas.microsoft.com/developer/msbuild/2003">
  <ItemGroup>
    <Filter Include="src">
      <UniqueIdentifier>{4FC737F1-C7A5-4376-A066-2A32D752A2FF}</UniqueIdentifier>
      <Extensions>cpp;c;cc;cxx;def;odl;idl;hpj;bat;asm;asmx</Extensions>
    </Filter>
    <Filter Include="addons">
      <UniqueIdentifier>{ba169173-f2db-4c54-8614-7a3528af5a02}</UniqueIdentifier>
    </Filter>
    <Filter Include="addons\ofxFFGL">
      <UniqueIdentifier>{fe51834a-4ec8-486d-bf6f-9bfa416f55b7}</UniqueIdentifier>
    </Filter>
    <Filter Include="addons\ofxFFGL\libs">
      <UniqueIdentifier>{10e50d0f-2410-49a0-b6e3-11ae699be5fc}</UniqueIdentifier>
    </Filter>
    <Filter Include="addons\ofxFFGL\libs\FFGL">
      <UniqueIdentifier>{98285134-0ebc-42dc-a52e-a7a8e430cb4d}</UniqueIdentifier>
    </Filter>
    <Filter Include="addons\ofxFFGL\src">
      <UniqueIdentifier>{9ace4d75-b5f2-4f3e-a69d-c38c67705a39}</UniqueIdentifier>
    </Filter>
  </ItemGroup>
  <ItemGroup>
    <ClCompile Include="src\main.cpp">
      <Filter>src</Filter>
    </ClCompile>
    <ClCompile Include="src\testApp.cpp">
      <Filter>src</Filter>
    </ClCompile>
    <ClCompile Include="..\libs\FFGL\FFGLExtensions.cpp">
      <Filter>addons\ofxFFGL\libs\FFGL</Filter>
    </ClCompile>
    <ClCompile Include="..\libs\FFGL\FFGLFBO.cpp">
      <Filter>addons\ofxFFGL\libs\FFGL</Filter>
    </ClCompile>
    <ClCompile Include="..\libs\FFGL\FFGLPluginInfo.cpp">
      <Filter>addons\ofxFFGL\libs\FFGL</Filter>
    </ClCompile>
    <ClCompile Include="..\libs\FFGL\FFGLPluginInfoData.cpp">
      <Filter>addons\ofxFFGL\libs\FFGL</Filter>
    </ClCompile>
    <ClCompile Include="..\libs\FFGL\FFGLPluginManager.cpp">
      <Filter>addons\ofxFFGL\libs\FFGL</Filter>
    </ClCompile>
    <ClCompile Include="..\libs\FFGL\FFGLPluginSDK.cpp">
      <Filter>addons\ofxFFGL\libs\FFGL</Filter>
    </ClCompile>
    <ClCompile Include="..\libs\FFGL\FFGLShader.cpp">
      <Filter>addons\ofxFFGL\libs\FFGL</Filter>
    </ClCompile>
    <ClCompile Include="..\libs\FFGL\FFGL.cpp">
      <Filter>addons\ofxFFGL\libs\FFGL</Filter>
    </ClCompile>
    <ClCompile Include="..\src\ofxFFGLPlugin.cpp">
      <Filter>addons\ofxFFGL\src</Filter>
    </ClCompile>
    <ClCompile Include="..\src\ofxFFGLApp.cpp">
      <Filter>addons\ofxFFGL\src</Filter>
    </ClCompile>
    <ClCompile Include="..\src\ofxFFGLWindow.cpp">
      <Filter>addons\ofxFFGL\src</Filter>
    </ClCompile>
  </ItemGroup>
  <ItemGroup>
    <ClInclude Include="src\testApp.h">
      <Filter>src</Filter>
    </ClInclude>
    <ClInclude Include="..\libs\FFGL\FFGL.h">
      <Filter>addons\ofxFFGL\libs\FFGL</Filter>
    </ClInclude>
    <ClInclude Include="..\libs\FFGL\FFGLExtensions.h">
      <Filter>addons\ofxFFGL\libs\FFGL</Filter>
    </ClInclude>
    <ClInclude Include="..\libs\FFGL\FFGLFBO.h">
      <Filter>addons\ofxFFGL\libs\FFGL</Filter>
    </ClInclude>
    <ClInclude Include="..\libs\FFGL\FFGLLib.h">
      <Filter>addons\ofxFFGL\libs\FFGL</Filter>
    </ClInclude>
    <ClInclude Include="..\libs\FFGL\FFGLPluginInfo.h">
      <Filter>addons\ofxFFGL\libs\FFGL</Filter>
    </ClInclude>
    <ClInclude Include="..\libs\FFGL\FFGLPluginManager.h">
      <Filter>addons\ofxFFGL\libs\FFGL</Filter>
    </ClInclude>
    <ClInclude Include="..\libs\FFGL\FFGLPluginManager_inl.h">
      <Filter>addons\ofxFFGL\libs\FFGL</Filter>
    </ClInclude>
    <ClInclude Include="..\libs\FFGL\FFGLPluginSDK.h">
      <Filter>addons\ofxFFGL\libs\FFGL</Filter>
    </ClInclude>
    <ClInclude Include="..\libs\FFGL\FFGLShader.h">
      <Filter>addons\ofxFFGL\libs\FFGL</Filter>
    </ClInclude>
    <ClInclude Include="..\libs\FFGL\FreeFrame.h">
      <Filter>addons\ofxFFGL\libs\FFGL</Filter>
    </ClInclude>
    <ClInclude Include="..\src\ofxFFGLPlugin.h">
      <Filter>addons\ofxFFGL\src</Filter>
    </ClInclude>
    <ClInclude Include="..\src\ofxFFGLApp.h">
      <Filter>addons\ofxFFGL\src</Filter>
    </ClInclude>
    <ClInclude Include="..\src\ofxFFGLWindow.h">
      <Filter>addons\ofxFFGL\src</Filter>
    </ClInclude>
  </ItemGroup>
</Project>